// !$*UTF8*$!
{
	archiveVersion = 1;
	classes = {
	};
	objectVersion = 46;
	objects = {

/* Begin PBXBuildFile section */
		B2D8A5791B2BAB4500AB5B17 /* Rinku.framework in Frameworks */ = {isa = PBXBuildFile; fileRef = B2D8A56F1B2BAB4500AB5B17 /* Rinku.framework */; };
		B2D8A58D1B2BAC3F00AB5B17 /* RinkuResource.swift in Sources */ = {isa = PBXBuildFile; fileRef = B2D8A5891B2BAC3F00AB5B17 /* RinkuResource.swift */; };
		B2D8A58E1B2BAC3F00AB5B17 /* RinkuHeader.h in Headers */ = {isa = PBXBuildFile; fileRef = B2D8A58A1B2BAC3F00AB5B17 /* RinkuHeader.h */; };
		B2D8A5961B2BB36C00AB5B17 /* RinkuNetworkTask.swift in Sources */ = {isa = PBXBuildFile; fileRef = B2D8A5951B2BB36C00AB5B17 /* RinkuNetworkTask.swift */; };
		B2D8A59E1B2BC7D400AB5B17 /* RinkuDelegate.swift in Sources */ = {isa = PBXBuildFile; fileRef = B2D8A59D1B2BC7D400AB5B17 /* RinkuDelegate.swift */; };
		B2D8A5A21B2BFFB300AB5B17 /* RinkuResourceTests.swift in Sources */ = {isa = PBXBuildFile; fileRef = B2D8A5A11B2BFFB300AB5B17 /* RinkuResourceTests.swift */; };
		C71B6F891B39DF8A00E18732 /* RinkuNetworkingTaskTests.swift in Sources */ = {isa = PBXBuildFile; fileRef = C71B6F881B39DF8A00E18732 /* RinkuNetworkingTaskTests.swift */; };
/* End PBXBuildFile section */

/* Begin PBXContainerItemProxy section */
		B2D8A57A1B2BAB4500AB5B17 /* PBXContainerItemProxy */ = {
			isa = PBXContainerItemProxy;
			containerPortal = C75B6254194A56E6000B2129 /* Project object */;
			proxyType = 1;
			remoteGlobalIDString = B2D8A56E1B2BAB4500AB5B17;
			remoteInfo = Rinku;
		};
/* End PBXContainerItemProxy section */

/* Begin PBXFileReference section */
		B2D8A56F1B2BAB4500AB5B17 /* Rinku.framework */ = {isa = PBXFileReference; explicitFileType = wrapper.framework; includeInIndex = 0; path = Rinku.framework; sourceTree = BUILT_PRODUCTS_DIR; };
		B2D8A5781B2BAB4500AB5B17 /* RinkuTests.xctest */ = {isa = PBXFileReference; explicitFileType = wrapper.cfbundle; includeInIndex = 0; path = RinkuTests.xctest; sourceTree = BUILT_PRODUCTS_DIR; };
		B2D8A5891B2BAC3F00AB5B17 /* RinkuResource.swift */ = {isa = PBXFileReference; fileEncoding = 4; lastKnownFileType = sourcecode.swift; path = RinkuResource.swift; sourceTree = "<group>"; };
		B2D8A58A1B2BAC3F00AB5B17 /* RinkuHeader.h */ = {isa = PBXFileReference; fileEncoding = 4; lastKnownFileType = sourcecode.c.h; path = RinkuHeader.h; sourceTree = "<group>"; };
		B2D8A58C1B2BAC3F00AB5B17 /* Info.plist */ = {isa = PBXFileReference; fileEncoding = 4; lastKnownFileType = text.plist.xml; path = Info.plist; sourceTree = "<group>"; };
		B2D8A5911B2BACB200AB5B17 /* Info.plist */ = {isa = PBXFileReference; fileEncoding = 4; lastKnownFileType = text.plist.xml; path = Info.plist; sourceTree = "<group>"; };
		B2D8A5951B2BB36C00AB5B17 /* RinkuNetworkTask.swift */ = {isa = PBXFileReference; fileEncoding = 4; lastKnownFileType = sourcecode.swift; path = RinkuNetworkTask.swift; sourceTree = "<group>"; };
		B2D8A59D1B2BC7D400AB5B17 /* RinkuDelegate.swift */ = {isa = PBXFileReference; fileEncoding = 4; lastKnownFileType = sourcecode.swift; path = RinkuDelegate.swift; sourceTree = "<group>"; };
		B2D8A5A11B2BFFB300AB5B17 /* RinkuResourceTests.swift */ = {isa = PBXFileReference; fileEncoding = 4; lastKnownFileType = sourcecode.swift; path = RinkuResourceTests.swift; sourceTree = "<group>"; };
		C71B6F881B39DF8A00E18732 /* RinkuNetworkingTaskTests.swift */ = {isa = PBXFileReference; fileEncoding = 4; lastKnownFileType = sourcecode.swift; path = RinkuNetworkingTaskTests.swift; sourceTree = "<group>"; };
/* End PBXFileReference section */

/* Begin PBXFrameworksBuildPhase section */
		B2D8A56B1B2BAB4500AB5B17 /* Frameworks */ = {
			isa = PBXFrameworksBuildPhase;
			buildActionMask = 2147483647;
			files = (
			);
			runOnlyForDeploymentPostprocessing = 0;
		};
		B2D8A5751B2BAB4500AB5B17 /* Frameworks */ = {
			isa = PBXFrameworksBuildPhase;
			buildActionMask = 2147483647;
			files = (
				B2D8A5791B2BAB4500AB5B17 /* Rinku.framework in Frameworks */,
			);
			runOnlyForDeploymentPostprocessing = 0;
		};
/* End PBXFrameworksBuildPhase section */

/* Begin PBXGroup section */
		B2D8A5701B2BAB4500AB5B17 /* Rinku */ = {
			isa = PBXGroup;
			children = (
				B2D8A58A1B2BAC3F00AB5B17 /* RinkuHeader.h */,
				B2D8A5881B2BAC3F00AB5B17 /* Rinku */,
				B2D8A58B1B2BAC3F00AB5B17 /* Supporting Files */,
			);
			path = Rinku;
			sourceTree = "<group>";
		};
		B2D8A57C1B2BAB4500AB5B17 /* RinkuTests */ = {
			isa = PBXGroup;
			children = (
				B2D8A5A11B2BFFB300AB5B17 /* RinkuResourceTests.swift */,
				C71B6F881B39DF8A00E18732 /* RinkuNetworkingTaskTests.swift */,
				B2D8A5901B2BACB200AB5B17 /* Supporting Files */,
			);
			path = RinkuTests;
			sourceTree = "<group>";
		};
		B2D8A5881B2BAC3F00AB5B17 /* Rinku */ = {
			isa = PBXGroup;
			children = (
				B2D8A5891B2BAC3F00AB5B17 /* RinkuResource.swift */,
				B2D8A5951B2BB36C00AB5B17 /* RinkuNetworkTask.swift */,
				B2D8A59D1B2BC7D400AB5B17 /* RinkuDelegate.swift */,
			);
			path = Rinku;
			sourceTree = "<group>";
		};
		B2D8A58B1B2BAC3F00AB5B17 /* Supporting Files */ = {
			isa = PBXGroup;
			children = (
				B2D8A58C1B2BAC3F00AB5B17 /* Info.plist */,
			);
			path = "Supporting Files";
			sourceTree = "<group>";
		};
		B2D8A5901B2BACB200AB5B17 /* Supporting Files */ = {
			isa = PBXGroup;
			children = (
				B2D8A5911B2BACB200AB5B17 /* Info.plist */,
			);
			path = "Supporting Files";
			sourceTree = "<group>";
		};
		C75B6253194A56E6000B2129 = {
			isa = PBXGroup;
			children = (
				B2D8A5701B2BAB4500AB5B17 /* Rinku */,
				B2D8A57C1B2BAB4500AB5B17 /* RinkuTests */,
				C75B625D194A56E6000B2129 /* Products */,
			);
			sourceTree = "<group>";
		};
		C75B625D194A56E6000B2129 /* Products */ = {
			isa = PBXGroup;
			children = (
				B2D8A56F1B2BAB4500AB5B17 /* Rinku.framework */,
				B2D8A5781B2BAB4500AB5B17 /* RinkuTests.xctest */,
			);
			name = Products;
			sourceTree = "<group>";
		};
/* End PBXGroup section */

/* Begin PBXHeadersBuildPhase section */
		B2D8A56C1B2BAB4500AB5B17 /* Headers */ = {
			isa = PBXHeadersBuildPhase;
			buildActionMask = 2147483647;
			files = (
				B2D8A58E1B2BAC3F00AB5B17 /* RinkuHeader.h in Headers */,
			);
			runOnlyForDeploymentPostprocessing = 0;
		};
/* End PBXHeadersBuildPhase section */

/* Begin PBXNativeTarget section */
		B2D8A56E1B2BAB4500AB5B17 /* Rinku */ = {
			isa = PBXNativeTarget;
			buildConfigurationList = B2D8A5801B2BAB4500AB5B17 /* Build configuration list for PBXNativeTarget "Rinku" */;
			buildPhases = (
				B2D8A56A1B2BAB4500AB5B17 /* Sources */,
				B2D8A56B1B2BAB4500AB5B17 /* Frameworks */,
				B2D8A56C1B2BAB4500AB5B17 /* Headers */,
				B2D8A56D1B2BAB4500AB5B17 /* Resources */,
			);
			buildRules = (
			);
			dependencies = (
			);
			name = Rinku;
			productName = Rinku;
			productReference = B2D8A56F1B2BAB4500AB5B17 /* Rinku.framework */;
			productType = "com.apple.product-type.framework";
		};
		B2D8A5771B2BAB4500AB5B17 /* RinkuTests */ = {
			isa = PBXNativeTarget;
			buildConfigurationList = B2D8A5831B2BAB4500AB5B17 /* Build configuration list for PBXNativeTarget "RinkuTests" */;
			buildPhases = (
				B2D8A5741B2BAB4500AB5B17 /* Sources */,
				B2D8A5751B2BAB4500AB5B17 /* Frameworks */,
				B2D8A5761B2BAB4500AB5B17 /* Resources */,
			);
			buildRules = (
			);
			dependencies = (
				B2D8A57B1B2BAB4500AB5B17 /* PBXTargetDependency */,
			);
			name = RinkuTests;
			productName = RinkuTests;
			productReference = B2D8A5781B2BAB4500AB5B17 /* RinkuTests.xctest */;
			productType = "com.apple.product-type.bundle.unit-test";
		};
/* End PBXNativeTarget section */

/* Begin PBXProject section */
		C75B6254194A56E6000B2129 /* Project object */ = {
			isa = PBXProject;
			attributes = {
				LastSwiftUpdateCheck = 0700;
				LastUpgradeCheck = 0700;
				ORGANIZATIONNAME = Rinku;
				TargetAttributes = {
					B2D8A56E1B2BAB4500AB5B17 = {
						CreatedOnToolsVersion = 7.0;
					};
					B2D8A5771B2BAB4500AB5B17 = {
						CreatedOnToolsVersion = 7.0;
					};
				};
			};
			buildConfigurationList = C75B6257194A56E6000B2129 /* Build configuration list for PBXProject "Rinku" */;
			compatibilityVersion = "Xcode 3.2";
			developmentRegion = English;
			hasScannedForEncodings = 0;
			knownRegions = (
				en,
			);
			mainGroup = C75B6253194A56E6000B2129;
			productRefGroup = C75B625D194A56E6000B2129 /* Products */;
			projectDirPath = "";
			projectRoot = "";
			targets = (
				B2D8A56E1B2BAB4500AB5B17 /* Rinku */,
				B2D8A5771B2BAB4500AB5B17 /* RinkuTests */,
			);
		};
/* End PBXProject section */

/* Begin PBXResourcesBuildPhase section */
		B2D8A56D1B2BAB4500AB5B17 /* Resources */ = {
			isa = PBXResourcesBuildPhase;
			buildActionMask = 2147483647;
			files = (
			);
			runOnlyForDeploymentPostprocessing = 0;
		};
		B2D8A5761B2BAB4500AB5B17 /* Resources */ = {
			isa = PBXResourcesBuildPhase;
			buildActionMask = 2147483647;
			files = (
			);
			runOnlyForDeploymentPostprocessing = 0;
		};
/* End PBXResourcesBuildPhase section */

/* Begin PBXSourcesBuildPhase section */
		B2D8A56A1B2BAB4500AB5B17 /* Sources */ = {
			isa = PBXSourcesBuildPhase;
			buildActionMask = 2147483647;
			files = (
				B2D8A5961B2BB36C00AB5B17 /* RinkuNetworkTask.swift in Sources */,
				B2D8A59E1B2BC7D400AB5B17 /* RinkuDelegate.swift in Sources */,
				B2D8A58D1B2BAC3F00AB5B17 /* RinkuResource.swift in Sources */,
			);
			runOnlyForDeploymentPostprocessing = 0;
		};
		B2D8A5741B2BAB4500AB5B17 /* Sources */ = {
			isa = PBXSourcesBuildPhase;
			buildActionMask = 2147483647;
			files = (
				C71B6F891B39DF8A00E18732 /* RinkuNetworkingTaskTests.swift in Sources */,
				B2D8A5A21B2BFFB300AB5B17 /* RinkuResourceTests.swift in Sources */,
			);
			runOnlyForDeploymentPostprocessing = 0;
		};
/* End PBXSourcesBuildPhase section */

/* Begin PBXTargetDependency section */
		B2D8A57B1B2BAB4500AB5B17 /* PBXTargetDependency */ = {
			isa = PBXTargetDependency;
			target = B2D8A56E1B2BAB4500AB5B17 /* Rinku */;
			targetProxy = B2D8A57A1B2BAB4500AB5B17 /* PBXContainerItemProxy */;
		};
/* End PBXTargetDependency section */

/* Begin XCBuildConfiguration section */
		B2D8A5811B2BAB4500AB5B17 /* Debug */ = {
			isa = XCBuildConfiguration;
			buildSettings = {
				CLANG_ENABLE_MODULES = YES;
				CURRENT_PROJECT_VERSION = 1;
				DEBUG_INFORMATION_FORMAT = dwarf;
				DEFINES_MODULE = YES;
				DYLIB_COMPATIBILITY_VERSION = 1;
				DYLIB_CURRENT_VERSION = 1;
				DYLIB_INSTALL_NAME_BASE = "@rpath";
				GCC_NO_COMMON_BLOCKS = YES;
				INFOPLIST_FILE = "Rinku/Supporting Files/Info.plist";
				INSTALL_PATH = "$(LOCAL_LIBRARY_DIR)/Frameworks";
				IPHONEOS_DEPLOYMENT_TARGET = 9.0;
				LD_RUNPATH_SEARCH_PATHS = "$(inherited) @executable_path/Frameworks @loader_path/Frameworks";
				MTL_ENABLE_DEBUG_INFO = YES;
				PRODUCT_BUNDLE_IDENTIFIER = com.ruiperes.Rinku;
				PRODUCT_NAME = "$(TARGET_NAME)";
				SKIP_INSTALL = YES;
				SWIFT_OPTIMIZATION_LEVEL = "-Onone";
				TARGETED_DEVICE_FAMILY = "1,2";
				VERSIONING_SYSTEM = "apple-generic";
				VERSION_INFO_PREFIX = "";
			};
			name = Debug;
		};
		B2D8A5821B2BAB4500AB5B17 /* Release */ = {
			isa = XCBuildConfiguration;
			buildSettings = {
				CLANG_ENABLE_MODULES = YES;
				COPY_PHASE_STRIP = NO;
				CURRENT_PROJECT_VERSION = 1;
				DEBUG_INFORMATION_FORMAT = "dwarf-with-dsym";
				DEFINES_MODULE = YES;
				DYLIB_COMPATIBILITY_VERSION = 1;
				DYLIB_CURRENT_VERSION = 1;
				DYLIB_INSTALL_NAME_BASE = "@rpath";
				GCC_NO_COMMON_BLOCKS = YES;
				INFOPLIST_FILE = "Rinku/Supporting Files/Info.plist";
				INSTALL_PATH = "$(LOCAL_LIBRARY_DIR)/Frameworks";
				IPHONEOS_DEPLOYMENT_TARGET = 9.0;
				LD_RUNPATH_SEARCH_PATHS = "$(inherited) @executable_path/Frameworks @loader_path/Frameworks";
				MTL_ENABLE_DEBUG_INFO = NO;
				PRODUCT_BUNDLE_IDENTIFIER = com.ruiperes.Rinku;
				PRODUCT_NAME = "$(TARGET_NAME)";
				SKIP_INSTALL = YES;
				TARGETED_DEVICE_FAMILY = "1,2";
				VERSIONING_SYSTEM = "apple-generic";
				VERSION_INFO_PREFIX = "";
			};
			name = Release;
		};
		B2D8A5841B2BAB4500AB5B17 /* Debug */ = {
			isa = XCBuildConfiguration;
			buildSettings = {
				CLANG_ENABLE_MODULES = YES;
				DEBUG_INFORMATION_FORMAT = dwarf;
				GCC_NO_COMMON_BLOCKS = YES;
				INFOPLIST_FILE = "RinkuTests/Supporting Files/Info.plist";
				IPHONEOS_DEPLOYMENT_TARGET = 9.0;
				LD_RUNPATH_SEARCH_PATHS = "$(inherited) @executable_path/Frameworks @loader_path/Frameworks";
				MTL_ENABLE_DEBUG_INFO = YES;
				PRODUCT_BUNDLE_IDENTIFIER = com.ruiperes.RinkuTests;
				PRODUCT_NAME = "$(TARGET_NAME)";
				SWIFT_OPTIMIZATION_LEVEL = "-Onone";
			};
			name = Debug;
		};
		B2D8A5851B2BAB4500AB5B17 /* Release */ = {
			isa = XCBuildConfiguration;
			buildSettings = {
				CLANG_ENABLE_MODULES = YES;
				COPY_PHASE_STRIP = NO;
				DEBUG_INFORMATION_FORMAT = "dwarf-with-dsym";
				GCC_NO_COMMON_BLOCKS = YES;
				INFOPLIST_FILE = "RinkuTests/Supporting Files/Info.plist";
				IPHONEOS_DEPLOYMENT_TARGET = 9.0;
				LD_RUNPATH_SEARCH_PATHS = "$(inherited) @executable_path/Frameworks @loader_path/Frameworks";
				MTL_ENABLE_DEBUG_INFO = NO;
				PRODUCT_BUNDLE_IDENTIFIER = com.ruiperes.RinkuTests;
				PRODUCT_NAME = "$(TARGET_NAME)";
			};
			name = Release;
		};
		C75B6271194A56E7000B2129 /* Debug */ = {
			isa = XCBuildConfiguration;
			buildSettings = {
				ALWAYS_SEARCH_USER_PATHS = NO;
				CLANG_CXX_LANGUAGE_STANDARD = "gnu++0x";
				CLANG_CXX_LIBRARY = "libc++";
				CLANG_ENABLE_MODULES = YES;
				CLANG_ENABLE_OBJC_ARC = YES;
				CLANG_WARN_BOOL_CONVERSION = YES;
				CLANG_WARN_CONSTANT_CONVERSION = YES;
				CLANG_WARN_DIRECT_OBJC_ISA_USAGE = YES_ERROR;
				CLANG_WARN_EMPTY_BODY = YES;
				CLANG_WARN_ENUM_CONVERSION = YES;
				CLANG_WARN_INT_CONVERSION = YES;
				CLANG_WARN_OBJC_ROOT_CLASS = YES_ERROR;
				CLANG_WARN_UNREACHABLE_CODE = YES;
				CLANG_WARN__DUPLICATE_METHOD_MATCH = YES;
				"CODE_SIGN_IDENTITY[sdk=iphoneos*]" = "iPhone Developer";
				COPY_PHASE_STRIP = NO;
				ENABLE_STRICT_OBJC_MSGSEND = YES;
				ENABLE_TESTABILITY = YES;
				GCC_C_LANGUAGE_STANDARD = gnu99;
				GCC_DYNAMIC_NO_PIC = NO;
				GCC_OPTIMIZATION_LEVEL = 0;
				GCC_PREPROCESSOR_DEFINITIONS = (
					"DEBUG=1",
					"$(inherited)",
				);
				GCC_SYMBOLS_PRIVATE_EXTERN = NO;
				GCC_WARN_64_TO_32_BIT_CONVERSION = YES;
				GCC_WARN_ABOUT_RETURN_TYPE = YES_ERROR;
				GCC_WARN_UNDECLARED_SELECTOR = YES;
				GCC_WARN_UNINITIALIZED_AUTOS = YES_AGGRESSIVE;
				GCC_WARN_UNUSED_FUNCTION = YES;
				GCC_WARN_UNUSED_VARIABLE = YES;
				IPHONEOS_DEPLOYMENT_TARGET = 8.0;
				METAL_ENABLE_DEBUG_INFO = YES;
				ONLY_ACTIVE_ARCH = YES;
				SDKROOT = iphoneos;
				SWIFT_OPTIMIZATION_LEVEL = "-Onone";
			};
			name = Debug;
		};
		C75B6272194A56E7000B2129 /* Release */ = {
			isa = XCBuildConfiguration;
			buildSettings = {
				ALWAYS_SEARCH_USER_PATHS = NO;
				CLANG_CXX_LANGUAGE_STANDARD = "gnu++0x";
				CLANG_CXX_LIBRARY = "libc++";
				CLANG_ENABLE_MODULES = YES;
				CLANG_ENABLE_OBJC_ARC = YES;
				CLANG_WARN_BOOL_CONVERSION = YES;
				CLANG_WARN_CONSTANT_CONVERSION = YES;
				CLANG_WARN_DIRECT_OBJC_ISA_USAGE = YES_ERROR;
				CLANG_WARN_EMPTY_BODY = YES;
				CLANG_WARN_ENUM_CONVERSION = YES;
				CLANG_WARN_INT_CONVERSION = YES;
				CLANG_WARN_OBJC_ROOT_CLASS = YES_ERROR;
				CLANG_WARN_UNREACHABLE_CODE = YES;
				CLANG_WARN__DUPLICATE_METHOD_MATCH = YES;
				"CODE_SIGN_IDENTITY[sdk=iphoneos*]" = "iPhone Developer";
				COPY_PHASE_STRIP = YES;
				ENABLE_NS_ASSERTIONS = NO;
				ENABLE_STRICT_OBJC_MSGSEND = YES;
				GCC_C_LANGUAGE_STANDARD = gnu99;
				GCC_WARN_64_TO_32_BIT_CONVERSION = YES;
				GCC_WARN_ABOUT_RETURN_TYPE = YES_ERROR;
				GCC_WARN_UNDECLARED_SELECTOR = YES;
				GCC_WARN_UNINITIALIZED_AUTOS = YES_AGGRESSIVE;
				GCC_WARN_UNUSED_FUNCTION = YES;
				GCC_WARN_UNUSED_VARIABLE = YES;
				IPHONEOS_DEPLOYMENT_TARGET = 8.0;
				METAL_ENABLE_DEBUG_INFO = NO;
				SDKROOT = iphoneos;
				VALIDATE_PRODUCT = YES;
			};
			name = Release;
		};
/* End XCBuildConfiguration section */

/* Begin XCConfigurationList section */
		B2D8A5801B2BAB4500AB5B17 /* Build configuration list for PBXNativeTarget "Rinku" */ = {
			isa = XCConfigurationList;
			buildConfigurations = (
				B2D8A5811B2BAB4500AB5B17 /* Debug */,
				B2D8A5821B2BAB4500AB5B17 /* Release */,
			);
			defaultConfigurationIsVisible = 0;
			defaultConfigurationName = Release;
		};
		B2D8A5831B2BAB4500AB5B17 /* Build configuration list for PBXNativeTarget "RinkuTests" */ = {
			isa = XCConfigurationList;
			buildConfigurations = (
				B2D8A5841B2BAB4500AB5B17 /* Debug */,
				B2D8A5851B2BAB4500AB5B17 /* Release */,
			);
			defaultConfigurationIsVisible = 0;
			defaultConfigurationName = Release;
		};
		C75B6257194A56E6000B2129 /* Build configuration list for PBXProject "Rinku" */ = {
			isa = XCConfigurationList;
			buildConfigurations = (
				C75B6271194A56E7000B2129 /* Debug */,
				C75B6272194A56E7000B2129 /* Release */,
			);
			defaultConfigurationIsVisible = 0;
			defaultConfigurationName = Release;
		};
/* End XCConfigurationList section */
	};
	rootObject = C75B6254194A56E6000B2129 /* Project object */;
}
